
Microsoft Visual Studio Solution File, Format Version 12.00
# Visual Studio 15
VisualStudioVersion = 15.0.28010.2050
MinimumVisualStudioVersion = 10.0.40219.1
Project("{FAE04EC0-301F-11D3-BF4B-00C04F79EFBC}") = "Hangfire.MissionControl", "src\Hangfire.MissionControl\Hangfire.MissionControl.csproj", "{ABB684B8-D83E-4E85-BA07-735950605D8B}"
EndProject
Project("{9A19103F-16F7-4668-BE54-9A1E7A4F7556}") = "Hangfire.MissionControl.Tests.Web", "tests\Hangfire.MissionControl.Tests.Web\Hangfire.MissionControl.Tests.Web.csproj", "{7DAE723F-8510-46E1-9282-0B189D83FB6C}"
EndProject
Global
	GlobalSection(SolutionConfigurationPlatforms) = preSolution
		Debug|Any CPU = Debug|Any CPU
		Release|Any CPU = Release|Any CPU
	EndGlobalSection
	GlobalSection(ProjectConfigurationPlatforms) = postSolution
		{ABB684B8-D83E-4E85-BA07-735950605D8B}.Debug|Any CPU.ActiveCfg = Debug|Any CPU
		{ABB684B8-D83E-4E85-BA07-735950605D8B}.Debug|Any CPU.Build.0 = Debug|Any CPU
		{ABB684B8-D83E-4E85-BA07-735950605D8B}.Release|Any CPU.ActiveCfg = Release|Any CPU
		{ABB684B8-D83E-4E85-BA07-735950605D8B}.Release|Any CPU.Build.0 = Release|Any CPU
		{7DAE723F-8510-46E1-9282-0B189D83FB6C}.Debug|Any CPU.ActiveCfg = Debug|Any CPU
		{7DAE723F-8510-46E1-9282-0B189D83FB6C}.Debug|Any CPU.Build.0 = Debug|Any CPU
		{7DAE723F-8510-46E1-9282-0B189D83FB6C}.Release|Any CPU.ActiveCfg = Release|Any CPU
		{7DAE723F-8510-46E1-9282-0B189D83FB6C}.Release|Any CPU.Build.0 = Release|Any CPU
	EndGlobalSection
	GlobalSection(SolutionProperties) = preSolution
		HideSolutionNode = FALSE
	EndGlobalSection
	GlobalSection(ExtensibilityGlobals) = postSolution
		SolutionGuid = {4866A8FF-E181-4290-B30D-FB577B6AEA2F}
	EndGlobalSection
EndGlobal
